
Microsoft Visual Studio Solution File, Format Version 11.00
# Visual Studio 2010
Project("{2150E333-8FDC-42A3-9474-1A3956D46DE8}") = "Base", "Base", "{0F9D0B2E-05FF-4D46-8A54-3C82EA926D40}"
EndProject
Project("{2150E333-8FDC-42A3-9474-1A3956D46DE8}") = "DataBase", "DataBase", "{77A3E569-54A6-4B0F-B2D4-B3F8741E3B95}"
EndProject
Project("{C8D11400-126E-41CD-887F-60BD40844F9E}") = "TZeroMaster", "DataBase\TZero_Config\TZeroMaster.dbproj", "{67CBC824-A49E-4E9B-A947-360F3DFE65C3}"
EndProject
Project("{2150E333-8FDC-42A3-9474-1A3956D46DE8}") = "Client", "Client", "{BEC42C67-DF62-4DF0-ADDB-CAA73031F517}"
EndProject
Project("{FAE04EC0-301F-11D3-BF4B-00C04F79EFBC}") = "TerminalZeroClient", "Client\TerminalZeroClient\TerminalZeroClient.csproj", "{0AF9437B-8630-4D46-A597-B4610E17C3BB}"
EndProject
Project("{FAE04EC0-301F-11D3-BF4B-00C04F79EFBC}") = "ZeroCommonClasses", "Base\CommonClassesZero\ZeroCommonClasses.csproj", "{2AC599DD-4010-49A3-B595-715FE549C6B9}"
EndProject
Project("{2150E333-8FDC-42A3-9474-1A3956D46DE8}") = "Modules", "Modules", "{6AE94F64-EE85-408A-8E05-7E6E0440DF1B}"
EndProject
Project("{FAE04EC0-301F-11D3-BF4B-00C04F79EFBC}") = "ZeroLogHandle", "Modules\ZeroLogHandle\ZeroLogHandle.csproj", "{577D6AFF-3DBA-48C2-9A55-56980822D236}"
EndProject
Project("{FAE04EC0-301F-11D3-BF4B-00C04F79EFBC}") = "ZeroConfiguration", "Modules\ZeroConfiguration\ZeroConfiguration.csproj", "{C9C76953-5F0A-44AD-972D-A6CBAD600FFD}"
EndProject
Project("{FAE04EC0-301F-11D3-BF4B-00C04F79EFBC}") = "ZeroMasterData", "Modules\ZeroMasterData\ZeroMasterData.csproj", "{442165DC-D727-4C61-8661-4E8695924093}"
EndProject
Project("{FAE04EC0-301F-11D3-BF4B-00C04F79EFBC}") = "ZeroStock", "Modules\ZeroStock\ZeroStock.csproj", "{D211E23A-306D-42C4-AA90-EB8BD49D77F1}"
EndProject
Project("{FAE04EC0-301F-11D3-BF4B-00C04F79EFBC}") = "ZeroGUI", "Base\ZeroGUI\ZeroGUI.csproj", "{C5EE22F8-88E6-4E39-839F-B274B28A1FE1}"
EndProject
Project("{2150E333-8FDC-42A3-9474-1A3956D46DE8}") = "Extras", "Extras", "{BBB86A1E-91A8-48EB-8439-932B032FEAD0}"
	ProjectSection(SolutionItems) = preProject
		Extras\TZeroUsers.mdf = Extras\TZeroUsers.mdf
	EndProjectSection
EndProject
Project("{FAE04EC0-301F-11D3-BF4B-00C04F79EFBC}") = "SharpZipLib", "Extras\SharpZipLib\SharpZipLib.csproj", "{95BC2D08-4F2C-43A9-9BB9-77BBE11B2FAC}"
EndProject
Project("{FAE04EC0-301F-11D3-BF4B-00C04F79EFBC}") = "ZeroUpdateManager", "Modules\ZeroUpdateManager\ZeroUpdateManager.csproj", "{4C14B2DC-6FFD-4FB1-BE00-3655A65CAA89}"
EndProject
Project("{FAE04EC0-301F-11D3-BF4B-00C04F79EFBC}") = "ZeroBarcode", "Modules\ZeroBarcode\ZeroBarcode.csproj", "{3908EFE1-78A0-41DA-8932-DAA946C6BD92}"
EndProject
Project("{FAE04EC0-301F-11D3-BF4B-00C04F79EFBC}") = "ZeroSales", "Modules\ZeroSales\ZeroSales.csproj", "{9E1D2602-3B98-4354-9A47-01B4E0B33D4F}"
EndProject
Project("{FAE04EC0-301F-11D3-BF4B-00C04F79EFBC}") = "ZeroBusiness", "Base\ZeroBusiness\ZeroBusiness.csproj", "{124F4A1B-7968-4424-B296-10F758D9B53B}"
EndProject
Project("{FAE04EC0-301F-11D3-BF4B-00C04F79EFBC}") = "ZeroPrinters", "Extras\ZeroPrinters\ZeroPrinters.csproj", "{770F2FD0-3E74-4057-8CF9-C8E43C7D011E}"
EndProject
Project("{2150E333-8FDC-42A3-9474-1A3956D46DE8}") = "SolutionItems", "SolutionItems", "{C5D4BFF1-9B1F-440D-909D-99BE478916B1}"
	ProjectSection(SolutionItems) = preProject
		SolutionItems\Microsoft.Expression.Interactions.dll = SolutionItems\Microsoft.Expression.Interactions.dll
		SolutionItems\System.Windows.Interactivity.dll = SolutionItems\System.Windows.Interactivity.dll
		SolutionItems\WPFToolkit.dll = SolutionItems\WPFToolkit.dll
	EndProjectSection
EndProject
Project("{FAE04EC0-301F-11D3-BF4B-00C04F79EFBC}") = "UpdatesManager", "Extras\UpdatesManager\UpdatesManager.csproj", "{CBF54CE7-9EEF-44ED-B954-F3FF133095BD}"
EndProject
Project("{FAE04EC0-301F-11D3-BF4B-00C04F79EFBC}") = "PrintersTestApp", "Extras\PrintersTestApp\PrintersTestApp.csproj", "{127305CA-0F14-4F5D-9D1E-BF8C9573A217}"
EndProject
Global
	GlobalSection(SubversionScc) = preSolution
		Svn-Managed = True
		Manager = AnkhSVN - Subversion Support for Visual Studio
	EndGlobalSection
	GlobalSection(SolutionConfigurationPlatforms) = preSolution
		Debug|Any CPU = Debug|Any CPU
		Debug|Mixed Platforms = Debug|Mixed Platforms
		Debug|x86 = Debug|x86
		Release|Any CPU = Release|Any CPU
		Release|Mixed Platforms = Release|Mixed Platforms
		Release|x86 = Release|x86
	EndGlobalSection
	GlobalSection(ProjectConfigurationPlatforms) = postSolution
		{67CBC824-A49E-4E9B-A947-360F3DFE65C3}.Debug|Any CPU.ActiveCfg = Debug|Any CPU
		{67CBC824-A49E-4E9B-A947-360F3DFE65C3}.Debug|Any CPU.Build.0 = Debug|Any CPU
		{67CBC824-A49E-4E9B-A947-360F3DFE65C3}.Debug|Any CPU.Deploy.0 = Debug|Any CPU
		{67CBC824-A49E-4E9B-A947-360F3DFE65C3}.Debug|Mixed Platforms.ActiveCfg = Debug|Any CPU
		{67CBC824-A49E-4E9B-A947-360F3DFE65C3}.Debug|x86.ActiveCfg = Debug|Any CPU
		{67CBC824-A49E-4E9B-A947-360F3DFE65C3}.Release|Any CPU.ActiveCfg = Release|Any CPU
		{67CBC824-A49E-4E9B-A947-360F3DFE65C3}.Release|Any CPU.Build.0 = Release|Any CPU
		{67CBC824-A49E-4E9B-A947-360F3DFE65C3}.Release|Any CPU.Deploy.0 = Release|Any CPU
		{67CBC824-A49E-4E9B-A947-360F3DFE65C3}.Release|Mixed Platforms.ActiveCfg = Release|Any CPU
		{67CBC824-A49E-4E9B-A947-360F3DFE65C3}.Release|Mixed Platforms.Build.0 = Release|Any CPU
		{67CBC824-A49E-4E9B-A947-360F3DFE65C3}.Release|Mixed Platforms.Deploy.0 = Release|Any CPU
		{67CBC824-A49E-4E9B-A947-360F3DFE65C3}.Release|x86.ActiveCfg = Release|Any CPU
		{0AF9437B-8630-4D46-A597-B4610E17C3BB}.Debug|Any CPU.ActiveCfg = Debug|x86
		{0AF9437B-8630-4D46-A597-B4610E17C3BB}.Debug|Mixed Platforms.ActiveCfg = Debug|x86
		{0AF9437B-8630-4D46-A597-B4610E17C3BB}.Debug|Mixed Platforms.Build.0 = Debug|x86
		{0AF9437B-8630-4D46-A597-B4610E17C3BB}.Debug|x86.ActiveCfg = Debug|x86
		{0AF9437B-8630-4D46-A597-B4610E17C3BB}.Debug|x86.Build.0 = Debug|x86
		{0AF9437B-8630-4D46-A597-B4610E17C3BB}.Release|Any CPU.ActiveCfg = Release|x86
		{0AF9437B-8630-4D46-A597-B4610E17C3BB}.Release|Mixed Platforms.ActiveCfg = Release|x86
		{0AF9437B-8630-4D46-A597-B4610E17C3BB}.Release|Mixed Platforms.Build.0 = Release|x86
		{0AF9437B-8630-4D46-A597-B4610E17C3BB}.Release|x86.ActiveCfg = Release|x86
		{0AF9437B-8630-4D46-A597-B4610E17C3BB}.Release|x86.Build.0 = Release|x86
		{2AC599DD-4010-49A3-B595-715FE549C6B9}.Debug|Any CPU.ActiveCfg = Debug|Any CPU
		{2AC599DD-4010-49A3-B595-715FE549C6B9}.Debug|Any CPU.Build.0 = Debug|Any CPU
		{2AC599DD-4010-49A3-B595-715FE549C6B9}.Debug|Mixed Platforms.ActiveCfg = Debug|Any CPU
		{2AC599DD-4010-49A3-B595-715FE549C6B9}.Debug|Mixed Platforms.Build.0 = Debug|Any CPU
		{2AC599DD-4010-49A3-B595-715FE549C6B9}.Debug|x86.ActiveCfg = Debug|Any CPU
		{2AC599DD-4010-49A3-B595-715FE549C6B9}.Release|Any CPU.ActiveCfg = Release|Any CPU
		{2AC599DD-4010-49A3-B595-715FE549C6B9}.Release|Any CPU.Build.0 = Release|Any CPU
		{2AC599DD-4010-49A3-B595-715FE549C6B9}.Release|Mixed Platforms.ActiveCfg = Release|Any CPU
		{2AC599DD-4010-49A3-B595-715FE549C6B9}.Release|Mixed Platforms.Build.0 = Release|Any CPU
		{2AC599DD-4010-49A3-B595-715FE549C6B9}.Release|x86.ActiveCfg = Release|Any CPU
		{577D6AFF-3DBA-48C2-9A55-56980822D236}.Debug|Any CPU.ActiveCfg = Debug|Any CPU
		{577D6AFF-3DBA-48C2-9A55-56980822D236}.Debug|Any CPU.Build.0 = Debug|Any CPU
		{577D6AFF-3DBA-48C2-9A55-56980822D236}.Debug|Mixed Platforms.ActiveCfg = Debug|Any CPU
		{577D6AFF-3DBA-48C2-9A55-56980822D236}.Debug|Mixed Platforms.Build.0 = Debug|Any CPU
		{577D6AFF-3DBA-48C2-9A55-56980822D236}.Debug|x86.ActiveCfg = Debug|Any CPU
		{577D6AFF-3DBA-48C2-9A55-56980822D236}.Release|Any CPU.ActiveCfg = Release|Any CPU
		{577D6AFF-3DBA-48C2-9A55-56980822D236}.Release|Any CPU.Build.0 = Release|Any CPU
		{577D6AFF-3DBA-48C2-9A55-56980822D236}.Release|Mixed Platforms.ActiveCfg = Release|Any CPU
		{577D6AFF-3DBA-48C2-9A55-56980822D236}.Release|Mixed Platforms.Build.0 = Release|Any CPU
		{577D6AFF-3DBA-48C2-9A55-56980822D236}.Release|x86.ActiveCfg = Release|Any CPU
		{C9C76953-5F0A-44AD-972D-A6CBAD600FFD}.Debug|Any CPU.ActiveCfg = Debug|Any CPU
		{C9C76953-5F0A-44AD-972D-A6CBAD600FFD}.Debug|Any CPU.Build.0 = Debug|Any CPU
		{C9C76953-5F0A-44AD-972D-A6CBAD600FFD}.Debug|Mixed Platforms.ActiveCfg = Debug|Any CPU
		{C9C76953-5F0A-44AD-972D-A6CBAD600FFD}.Debug|Mixed Platforms.Build.0 = Debug|Any CPU
		{C9C76953-5F0A-44AD-972D-A6CBAD600FFD}.Debug|x86.ActiveCfg = Debug|Any CPU
		{C9C76953-5F0A-44AD-972D-A6CBAD600FFD}.Release|Any CPU.ActiveCfg = Release|Any CPU
		{C9C76953-5F0A-44AD-972D-A6CBAD600FFD}.Release|Any CPU.Build.0 = Release|Any CPU
		{C9C76953-5F0A-44AD-972D-A6CBAD600FFD}.Release|Mixed Platforms.ActiveCfg = Release|Any CPU
		{C9C76953-5F0A-44AD-972D-A6CBAD600FFD}.Release|Mixed Platforms.Build.0 = Release|Any CPU
		{C9C76953-5F0A-44AD-972D-A6CBAD600FFD}.Release|x86.ActiveCfg = Release|Any CPU
		{442165DC-D727-4C61-8661-4E8695924093}.Debug|Any CPU.ActiveCfg = Debug|Any CPU
		{442165DC-D727-4C61-8661-4E8695924093}.Debug|Any CPU.Build.0 = Debug|Any CPU
		{442165DC-D727-4C61-8661-4E8695924093}.Debug|Mixed Platforms.ActiveCfg = Debug|Any CPU
		{442165DC-D727-4C61-8661-4E8695924093}.Debug|Mixed Platforms.Build.0 = Debug|Any CPU
		{442165DC-D727-4C61-8661-4E8695924093}.Debug|x86.ActiveCfg = Debug|Any CPU
		{442165DC-D727-4C61-8661-4E8695924093}.Release|Any CPU.ActiveCfg = Release|Any CPU
		{442165DC-D727-4C61-8661-4E8695924093}.Release|Any CPU.Build.0 = Release|Any CPU
		{442165DC-D727-4C61-8661-4E8695924093}.Release|Mixed Platforms.ActiveCfg = Release|Any CPU
		{442165DC-D727-4C61-8661-4E8695924093}.Release|Mixed Platforms.Build.0 = Release|Any CPU
		{442165DC-D727-4C61-8661-4E8695924093}.Release|x86.ActiveCfg = Release|Any CPU
		{D211E23A-306D-42C4-AA90-EB8BD49D77F1}.Debug|Any CPU.ActiveCfg = Debug|Any CPU
		{D211E23A-306D-42C4-AA90-EB8BD49D77F1}.Debug|Any CPU.Build.0 = Debug|Any CPU
		{D211E23A-306D-42C4-AA90-EB8BD49D77F1}.Debug|Mixed Platforms.ActiveCfg = Debug|Any CPU
		{D211E23A-306D-42C4-AA90-EB8BD49D77F1}.Debug|Mixed Platforms.Build.0 = Debug|Any CPU
		{D211E23A-306D-42C4-AA90-EB8BD49D77F1}.Debug|x86.ActiveCfg = Debug|Any CPU
		{D211E23A-306D-42C4-AA90-EB8BD49D77F1}.Release|Any CPU.ActiveCfg = Release|Any CPU
		{D211E23A-306D-42C4-AA90-EB8BD49D77F1}.Release|Any CPU.Build.0 = Release|Any CPU
		{D211E23A-306D-42C4-AA90-EB8BD49D77F1}.Release|Mixed Platforms.ActiveCfg = Release|Any CPU
		{D211E23A-306D-42C4-AA90-EB8BD49D77F1}.Release|Mixed Platforms.Build.0 = Release|Any CPU
		{D211E23A-306D-42C4-AA90-EB8BD49D77F1}.Release|x86.ActiveCfg = Release|Any CPU
		{C5EE22F8-88E6-4E39-839F-B274B28A1FE1}.Debug|Any CPU.ActiveCfg = Debug|Any CPU
		{C5EE22F8-88E6-4E39-839F-B274B28A1FE1}.Debug|Any CPU.Build.0 = Debug|Any CPU
		{C5EE22F8-88E6-4E39-839F-B274B28A1FE1}.Debug|Mixed Platforms.ActiveCfg = Debug|Any CPU
		{C5EE22F8-88E6-4E39-839F-B274B28A1FE1}.Debug|Mixed Platforms.Build.0 = Debug|Any CPU
		{C5EE22F8-88E6-4E39-839F-B274B28A1FE1}.Debug|x86.ActiveCfg = Debug|Any CPU
		{C5EE22F8-88E6-4E39-839F-B274B28A1FE1}.Release|Any CPU.ActiveCfg = Release|Any CPU
		{C5EE22F8-88E6-4E39-839F-B274B28A1FE1}.Release|Any CPU.Build.0 = Release|Any CPU
		{C5EE22F8-88E6-4E39-839F-B274B28A1FE1}.Release|Mixed Platforms.ActiveCfg = Release|Any CPU
		{C5EE22F8-88E6-4E39-839F-B274B28A1FE1}.Release|Mixed Platforms.Build.0 = Release|Any CPU
		{C5EE22F8-88E6-4E39-839F-B274B28A1FE1}.Release|x86.ActiveCfg = Release|Any CPU
		{95BC2D08-4F2C-43A9-9BB9-77BBE11B2FAC}.Debug|Any CPU.ActiveCfg = Debug|Any CPU
		{95BC2D08-4F2C-43A9-9BB9-77BBE11B2FAC}.Debug|Any CPU.Build.0 = Debug|Any CPU
		{95BC2D08-4F2C-43A9-9BB9-77BBE11B2FAC}.Debug|Mixed Platforms.ActiveCfg = Debug|Any CPU
		{95BC2D08-4F2C-43A9-9BB9-77BBE11B2FAC}.Debug|x86.ActiveCfg = Debug|Any CPU
		{95BC2D08-4F2C-43A9-9BB9-77BBE11B2FAC}.Release|Any CPU.ActiveCfg = Release|Any CPU
		{95BC2D08-4F2C-43A9-9BB9-77BBE11B2FAC}.Release|Any CPU.Build.0 = Release|Any CPU
		{95BC2D08-4F2C-43A9-9BB9-77BBE11B2FAC}.Release|Mixed Platforms.ActiveCfg = Release|Any CPU
		{95BC2D08-4F2C-43A9-9BB9-77BBE11B2FAC}.Release|Mixed Platforms.Build.0 = Release|Any CPU
		{95BC2D08-4F2C-43A9-9BB9-77BBE11B2FAC}.Release|x86.ActiveCfg = Release|Any CPU
		{4C14B2DC-6FFD-4FB1-BE00-3655A65CAA89}.Debug|Any CPU.ActiveCfg = Debug|Any CPU
		{4C14B2DC-6FFD-4FB1-BE00-3655A65CAA89}.Debug|Any CPU.Build.0 = Debug|Any CPU
		{4C14B2DC-6FFD-4FB1-BE00-3655A65CAA89}.Debug|Mixed Platforms.ActiveCfg = Debug|Any CPU
		{4C14B2DC-6FFD-4FB1-BE00-3655A65CAA89}.Debug|Mixed Platforms.Build.0 = Debug|Any CPU
		{4C14B2DC-6FFD-4FB1-BE00-3655A65CAA89}.Debug|x86.ActiveCfg = Debug|Any CPU
		{4C14B2DC-6FFD-4FB1-BE00-3655A65CAA89}.Release|Any CPU.ActiveCfg = Release|Any CPU
		{4C14B2DC-6FFD-4FB1-BE00-3655A65CAA89}.Release|Any CPU.Build.0 = Release|Any CPU
		{4C14B2DC-6FFD-4FB1-BE00-3655A65CAA89}.Release|Mixed Platforms.ActiveCfg = Release|Any CPU
		{4C14B2DC-6FFD-4FB1-BE00-3655A65CAA89}.Release|Mixed Platforms.Build.0 = Release|Any CPU
		{4C14B2DC-6FFD-4FB1-BE00-3655A65CAA89}.Release|x86.ActiveCfg = Release|Any CPU
		{3908EFE1-78A0-41DA-8932-DAA946C6BD92}.Debug|Any CPU.ActiveCfg = Debug|Any CPU
		{3908EFE1-78A0-41DA-8932-DAA946C6BD92}.Debug|Any CPU.Build.0 = Debug|Any CPU
		{3908EFE1-78A0-41DA-8932-DAA946C6BD92}.Debug|Mixed Platforms.ActiveCfg = Debug|Any CPU
		{3908EFE1-78A0-41DA-8932-DAA946C6BD92}.Debug|Mixed Platforms.Build.0 = Debug|Any CPU
		{3908EFE1-78A0-41DA-8932-DAA946C6BD92}.Debug|x86.ActiveCfg = Debug|Any CPU
		{3908EFE1-78A0-41DA-8932-DAA946C6BD92}.Release|Any CPU.ActiveCfg = Release|Any CPU
		{3908EFE1-78A0-41DA-8932-DAA946C6BD92}.Release|Any CPU.Build.0 = Release|Any CPU
		{3908EFE1-78A0-41DA-8932-DAA946C6BD92}.Release|Mixed Platforms.ActiveCfg = Release|Any CPU
		{3908EFE1-78A0-41DA-8932-DAA946C6BD92}.Release|Mixed Platforms.Build.0 = Release|Any CPU
		{3908EFE1-78A0-41DA-8932-DAA946C6BD92}.Release|x86.ActiveCfg = Release|Any CPU
		{9E1D2602-3B98-4354-9A47-01B4E0B33D4F}.Debug|Any CPU.ActiveCfg = Debug|Any CPU
		{9E1D2602-3B98-4354-9A47-01B4E0B33D4F}.Debug|Any CPU.Build.0 = Debug|Any CPU
		{9E1D2602-3B98-4354-9A47-01B4E0B33D4F}.Debug|Mixed Platforms.ActiveCfg = Debug|Any CPU
		{9E1D2602-3B98-4354-9A47-01B4E0B33D4F}.Debug|Mixed Platforms.Build.0 = Debug|Any CPU
		{9E1D2602-3B98-4354-9A47-01B4E0B33D4F}.Debug|x86.ActiveCfg = Debug|Any CPU
		{9E1D2602-3B98-4354-9A47-01B4E0B33D4F}.Release|Any CPU.ActiveCfg = Release|Any CPU
		{9E1D2602-3B98-4354-9A47-01B4E0B33D4F}.Release|Any CPU.Build.0 = Release|Any CPU
		{9E1D2602-3B98-4354-9A47-01B4E0B33D4F}.Release|Mixed Platforms.ActiveCfg = Release|Any CPU
		{9E1D2602-3B98-4354-9A47-01B4E0B33D4F}.Release|Mixed Platforms.Build.0 = Release|Any CPU
		{9E1D2602-3B98-4354-9A47-01B4E0B33D4F}.Release|x86.ActiveCfg = Release|Any CPU
		{124F4A1B-7968-4424-B296-10F758D9B53B}.Debug|Any CPU.ActiveCfg = Debug|Any CPU
		{124F4A1B-7968-4424-B296-10F758D9B53B}.Debug|Any CPU.Build.0 = Debug|Any CPU
		{124F4A1B-7968-4424-B296-10F758D9B53B}.Debug|Mixed Platforms.ActiveCfg = Debug|Any CPU
		{124F4A1B-7968-4424-B296-10F758D9B53B}.Debug|Mixed Platforms.Build.0 = Debug|Any CPU
		{124F4A1B-7968-4424-B296-10F758D9B53B}.Debug|x86.ActiveCfg = Debug|Any CPU
		{124F4A1B-7968-4424-B296-10F758D9B53B}.Release|Any CPU.ActiveCfg = Release|Any CPU
		{124F4A1B-7968-4424-B296-10F758D9B53B}.Release|Any CPU.Build.0 = Release|Any CPU
		{124F4A1B-7968-4424-B296-10F758D9B53B}.Release|Mixed Platforms.ActiveCfg = Release|Any CPU
		{124F4A1B-7968-4424-B296-10F758D9B53B}.Release|Mixed Platforms.Build.0 = Release|Any CPU
		{124F4A1B-7968-4424-B296-10F758D9B53B}.Release|x86.ActiveCfg = Release|Any CPU
		{770F2FD0-3E74-4057-8CF9-C8E43C7D011E}.Debug|Any CPU.ActiveCfg = Debug|Any CPU
		{770F2FD0-3E74-4057-8CF9-C8E43C7D011E}.Debug|Any CPU.Build.0 = Debug|Any CPU
		{770F2FD0-3E74-4057-8CF9-C8E43C7D011E}.Debug|Mixed Platforms.ActiveCfg = Debug|Any CPU
		{770F2FD0-3E74-4057-8CF9-C8E43C7D011E}.Debug|x86.ActiveCfg = Debug|Any CPU
		{770F2FD0-3E74-4057-8CF9-C8E43C7D011E}.Release|Any CPU.ActiveCfg = Release|Any CPU
		{770F2FD0-3E74-4057-8CF9-C8E43C7D011E}.Release|Any CPU.Build.0 = Release|Any CPU
		{770F2FD0-3E74-4057-8CF9-C8E43C7D011E}.Release|Mixed Platforms.ActiveCfg = Release|Any CPU
		{770F2FD0-3E74-4057-8CF9-C8E43C7D011E}.Release|Mixed Platforms.Build.0 = Release|Any CPU
		{770F2FD0-3E74-4057-8CF9-C8E43C7D011E}.Release|x86.ActiveCfg = Release|Any CPU
		{CBF54CE7-9EEF-44ED-B954-F3FF133095BD}.Debug|Any CPU.ActiveCfg = Debug|x86
		{CBF54CE7-9EEF-44ED-B954-F3FF133095BD}.Debug|Mixed Platforms.ActiveCfg = Debug|x86
		{CBF54CE7-9EEF-44ED-B954-F3FF133095BD}.Debug|x86.ActiveCfg = Debug|x86
		{CBF54CE7-9EEF-44ED-B954-F3FF133095BD}.Debug|x86.Build.0 = Debug|x86
		{CBF54CE7-9EEF-44ED-B954-F3FF133095BD}.Release|Any CPU.ActiveCfg = Release|x86
		{CBF54CE7-9EEF-44ED-B954-F3FF133095BD}.Release|Mixed Platforms.ActiveCfg = Release|x86
		{CBF54CE7-9EEF-44ED-B954-F3FF133095BD}.Release|Mixed Platforms.Build.0 = Release|x86
		{CBF54CE7-9EEF-44ED-B954-F3FF133095BD}.Release|x86.ActiveCfg = Release|x86
		{CBF54CE7-9EEF-44ED-B954-F3FF133095BD}.Release|x86.Build.0 = Release|x86
		{127305CA-0F14-4F5D-9D1E-BF8C9573A217}.Debug|Any CPU.ActiveCfg = Debug|x86
		{127305CA-0F14-4F5D-9D1E-BF8C9573A217}.Debug|Mixed Platforms.ActiveCfg = Debug|x86
		{127305CA-0F14-4F5D-9D1E-BF8C9573A217}.Debug|x86.ActiveCfg = Debug|x86
		{127305CA-0F14-4F5D-9D1E-BF8C9573A217}.Debug|x86.Build.0 = Debug|x86
		{127305CA-0F14-4F5D-9D1E-BF8C9573A217}.Release|Any CPU.ActiveCfg = Release|x86
		{127305CA-0F14-4F5D-9D1E-BF8C9573A217}.Release|Mixed Platforms.ActiveCfg = Release|x86
		{127305CA-0F14-4F5D-9D1E-BF8C9573A217}.Release|Mixed Platforms.Build.0 = Release|x86
		{127305CA-0F14-4F5D-9D1E-BF8C9573A217}.Release|x86.ActiveCfg = Release|x86
		{127305CA-0F14-4F5D-9D1E-BF8C9573A217}.Release|x86.Build.0 = Release|x86
	EndGlobalSection
	GlobalSection(SolutionProperties) = preSolution
		HideSolutionNode = FALSE
	EndGlobalSection
	GlobalSection(NestedProjects) = preSolution
		{2AC599DD-4010-49A3-B595-715FE549C6B9} = {0F9D0B2E-05FF-4D46-8A54-3C82EA926D40}
		{C5EE22F8-88E6-4E39-839F-B274B28A1FE1} = {0F9D0B2E-05FF-4D46-8A54-3C82EA926D40}
		{124F4A1B-7968-4424-B296-10F758D9B53B} = {0F9D0B2E-05FF-4D46-8A54-3C82EA926D40}
		{67CBC824-A49E-4E9B-A947-360F3DFE65C3} = {77A3E569-54A6-4B0F-B2D4-B3F8741E3B95}
		{0AF9437B-8630-4D46-A597-B4610E17C3BB} = {BEC42C67-DF62-4DF0-ADDB-CAA73031F517}
		{577D6AFF-3DBA-48C2-9A55-56980822D236} = {6AE94F64-EE85-408A-8E05-7E6E0440DF1B}
		{C9C76953-5F0A-44AD-972D-A6CBAD600FFD} = {6AE94F64-EE85-408A-8E05-7E6E0440DF1B}
		{442165DC-D727-4C61-8661-4E8695924093} = {6AE94F64-EE85-408A-8E05-7E6E0440DF1B}
		{D211E23A-306D-42C4-AA90-EB8BD49D77F1} = {6AE94F64-EE85-408A-8E05-7E6E0440DF1B}
		{4C14B2DC-6FFD-4FB1-BE00-3655A65CAA89} = {6AE94F64-EE85-408A-8E05-7E6E0440DF1B}
		{3908EFE1-78A0-41DA-8932-DAA946C6BD92} = {6AE94F64-EE85-408A-8E05-7E6E0440DF1B}
		{9E1D2602-3B98-4354-9A47-01B4E0B33D4F} = {6AE94F64-EE85-408A-8E05-7E6E0440DF1B}
		{95BC2D08-4F2C-43A9-9BB9-77BBE11B2FAC} = {BBB86A1E-91A8-48EB-8439-932B032FEAD0}
		{770F2FD0-3E74-4057-8CF9-C8E43C7D011E} = {BBB86A1E-91A8-48EB-8439-932B032FEAD0}
		{CBF54CE7-9EEF-44ED-B954-F3FF133095BD} = {BBB86A1E-91A8-48EB-8439-932B032FEAD0}
		{127305CA-0F14-4F5D-9D1E-BF8C9573A217} = {BBB86A1E-91A8-48EB-8439-932B032FEAD0}
	EndGlobalSection
EndGlobal
